
Microsoft Visual Studio Solution File, Format Version 12.00
# Visual Studio Version 17
VisualStudioVersion = 17.3.32929.385
MinimumVisualStudioVersion = 10.0.40219.1
Project("{FAE04EC0-301F-11D3-BF4B-00C04F79EFBC}") = "001.Services", "001.Services\001.Services.csproj", "{2C4758C5-B4FF-4BB1-B968-220A027AE9A1}"
EndProject
Project("{FAE04EC0-301F-11D3-BF4B-00C04F79EFBC}") = "002.OwnService", "OwnService\002.OwnService.csproj", "{BF6A1D66-5CF4-4FAC-804B-D250FE670596}"
EndProject
Project("{FAE04EC0-301F-11D3-BF4B-00C04F79EFBC}") = "003.OwnServiceDI", "003.OwnServiceDI\003.OwnServiceDI.csproj", "{7630E257-C0EA-41B9-9684-0C9BC213C57E}"
EndProject
Global
	GlobalSection(SolutionConfigurationPlatforms) = preSolution
		Debug|Any CPU = Debug|Any CPU
		Release|Any CPU = Release|Any CPU
	EndGlobalSection
	GlobalSection(ProjectConfigurationPlatforms) = postSolution
		{2C4758C5-B4FF-4BB1-B968-220A027AE9A1}.Debug|Any CPU.ActiveCfg = Debug|Any CPU
		{2C4758C5-B4FF-4BB1-B968-220A027AE9A1}.Debug|Any CPU.Build.0 = Debug|Any CPU
		{2C4758C5-B4FF-4BB1-B968-220A027AE9A1}.Release|Any CPU.ActiveCfg = Release|Any CPU
		{2C4758C5-B4FF-4BB1-B968-220A027AE9A1}.Release|Any CPU.Build.0 = Release|Any CPU
		{BF6A1D66-5CF4-4FAC-804B-D250FE670596}.Debug|Any CPU.ActiveCfg = Debug|Any CPU
		{BF6A1D66-5CF4-4FAC-804B-D250FE670596}.Debug|Any CPU.Build.0 = Debug|Any CPU
		{BF6A1D66-5CF4-4FAC-804B-D250FE670596}.Release|Any CPU.ActiveCfg = Release|Any CPU
		{BF6A1D66-5CF4-4FAC-804B-D250FE670596}.Release|Any CPU.Build.0 = Release|Any CPU
		{7630E257-C0EA-41B9-9684-0C9BC213C57E}.Debug|Any CPU.ActiveCfg = Debug|Any CPU
		{7630E257-C0EA-41B9-9684-0C9BC213C57E}.Debug|Any CPU.Build.0 = Debug|Any CPU
		{7630E257-C0EA-41B9-9684-0C9BC213C57E}.Release|Any CPU.ActiveCfg = Release|Any CPU
		{7630E257-C0EA-41B9-9684-0C9BC213C57E}.Release|Any CPU.Build.0 = Release|Any CPU
	EndGlobalSection
	GlobalSection(SolutionProperties) = preSolution
		HideSolutionNode = FALSE
	EndGlobalSection
	GlobalSection(ExtensibilityGlobals) = postSolution
		SolutionGuid = {206B9A40-384A-4E9E-9668-BB5723F5B3D3}
	EndGlobalSection
EndGlobal
