
Microsoft Visual Studio Solution File, Format Version 12.00
# Visual Studio Version 17
VisualStudioVersion = 17.3.32929.385
MinimumVisualStudioVersion = 10.0.40219.1
Project("{FAE04EC0-301F-11D3-BF4B-00C04F79EFBC}") = "001.RazorPages", "001.RazorPages\001.RazorPages.csproj", "{F1AF7CDF-D16E-48EA-ABA3-15AA7D6FE3FE}"
EndProject
Global
	GlobalSection(SolutionConfigurationPlatforms) = preSolution
		Debug|Any CPU = Debug|Any CPU
		Release|Any CPU = Release|Any CPU
	EndGlobalSection
	GlobalSection(ProjectConfigurationPlatforms) = postSolution
		{F1AF7CDF-D16E-48EA-ABA3-15AA7D6FE3FE}.Debug|Any CPU.ActiveCfg = Debug|Any CPU
		{F1AF7CDF-D16E-48EA-ABA3-15AA7D6FE3FE}.Debug|Any CPU.Build.0 = Debug|Any CPU
		{F1AF7CDF-D16E-48EA-ABA3-15AA7D6FE3FE}.Release|Any CPU.ActiveCfg = Release|Any CPU
		{F1AF7CDF-D16E-48EA-ABA3-15AA7D6FE3FE}.Release|Any CPU.Build.0 = Release|Any CPU
	EndGlobalSection
	GlobalSection(SolutionProperties) = preSolution
		HideSolutionNode = FALSE
	EndGlobalSection
	GlobalSection(ExtensibilityGlobals) = postSolution
		SolutionGuid = {5EC31600-CD0A-4E56-8232-51741876253F}
	EndGlobalSection
EndGlobal
