
Microsoft Visual Studio Solution File, Format Version 12.00
# Visual Studio Version 17
VisualStudioVersion = 17.3.32929.385
MinimumVisualStudioVersion = 10.0.40219.1
Project("{9A19103F-16F7-4668-BE54-9A1E7A4F7556}") = "001.Universal", "001.Universal\001.Universal.csproj", "{026F5231-F144-4B49-843A-C37AEC915E62}"
EndProject
Project("{FAE04EC0-301F-11D3-BF4B-00C04F79EFBC}") = "002.DefaultParameters", "002.DefaultParameters\002.DefaultParameters.csproj", "{EA305E61-1136-4CBD-B438-7A762FEC10EE}"
EndProject
Project("{FAE04EC0-301F-11D3-BF4B-00C04F79EFBC}") = "003.OptionalParameters", "003.OptionalParameters\003.OptionalParameters.csproj", "{30779A3C-319E-4CAE-AB13-A42DF15AC361}"
EndProject
Project("{FAE04EC0-301F-11D3-BF4B-00C04F79EFBC}") = "MultipleParameters", "MultipleParameters\MultipleParameters.csproj", "{A842E068-8BE4-4561-83B6-1B4A059E7628}"
EndProject
Global
	GlobalSection(SolutionConfigurationPlatforms) = preSolution
		Debug|Any CPU = Debug|Any CPU
		Release|Any CPU = Release|Any CPU
	EndGlobalSection
	GlobalSection(ProjectConfigurationPlatforms) = postSolution
		{026F5231-F144-4B49-843A-C37AEC915E62}.Debug|Any CPU.ActiveCfg = Debug|Any CPU
		{026F5231-F144-4B49-843A-C37AEC915E62}.Debug|Any CPU.Build.0 = Debug|Any CPU
		{026F5231-F144-4B49-843A-C37AEC915E62}.Release|Any CPU.ActiveCfg = Release|Any CPU
		{026F5231-F144-4B49-843A-C37AEC915E62}.Release|Any CPU.Build.0 = Release|Any CPU
		{EA305E61-1136-4CBD-B438-7A762FEC10EE}.Debug|Any CPU.ActiveCfg = Debug|Any CPU
		{EA305E61-1136-4CBD-B438-7A762FEC10EE}.Debug|Any CPU.Build.0 = Debug|Any CPU
		{EA305E61-1136-4CBD-B438-7A762FEC10EE}.Release|Any CPU.ActiveCfg = Release|Any CPU
		{EA305E61-1136-4CBD-B438-7A762FEC10EE}.Release|Any CPU.Build.0 = Release|Any CPU
		{30779A3C-319E-4CAE-AB13-A42DF15AC361}.Debug|Any CPU.ActiveCfg = Debug|Any CPU
		{30779A3C-319E-4CAE-AB13-A42DF15AC361}.Debug|Any CPU.Build.0 = Debug|Any CPU
		{30779A3C-319E-4CAE-AB13-A42DF15AC361}.Release|Any CPU.ActiveCfg = Release|Any CPU
		{30779A3C-319E-4CAE-AB13-A42DF15AC361}.Release|Any CPU.Build.0 = Release|Any CPU
		{A842E068-8BE4-4561-83B6-1B4A059E7628}.Debug|Any CPU.ActiveCfg = Debug|Any CPU
		{A842E068-8BE4-4561-83B6-1B4A059E7628}.Debug|Any CPU.Build.0 = Debug|Any CPU
		{A842E068-8BE4-4561-83B6-1B4A059E7628}.Release|Any CPU.ActiveCfg = Release|Any CPU
		{A842E068-8BE4-4561-83B6-1B4A059E7628}.Release|Any CPU.Build.0 = Release|Any CPU
	EndGlobalSection
	GlobalSection(SolutionProperties) = preSolution
		HideSolutionNode = FALSE
	EndGlobalSection
	GlobalSection(ExtensibilityGlobals) = postSolution
		SolutionGuid = {31750E54-CA49-42CD-A772-2929B4293200}
	EndGlobalSection
EndGlobal
