
Microsoft Visual Studio Solution File, Format Version 12.00
# Visual Studio Version 17
VisualStudioVersion = 17.3.32929.385
MinimumVisualStudioVersion = 10.0.40219.1
Project("{FAE04EC0-301F-11D3-BF4B-00C04F79EFBC}") = "001.Models", "001.Models\001.Models.csproj", "{BB90F207-F35F-4DB3-B4A6-D4319B3F3C07}"
EndProject
Project("{FAE04EC0-301F-11D3-BF4B-00C04F79EFBC}") = "002.ModelToViews", "002.ModelToViews\002.ModelToViews.csproj", "{07D97498-E023-4EC3-9B5D-5D0DC93A6DF4}"
EndProject
Global
	GlobalSection(SolutionConfigurationPlatforms) = preSolution
		Debug|Any CPU = Debug|Any CPU
		Release|Any CPU = Release|Any CPU
	EndGlobalSection
	GlobalSection(ProjectConfigurationPlatforms) = postSolution
		{BB90F207-F35F-4DB3-B4A6-D4319B3F3C07}.Debug|Any CPU.ActiveCfg = Debug|Any CPU
		{BB90F207-F35F-4DB3-B4A6-D4319B3F3C07}.Debug|Any CPU.Build.0 = Debug|Any CPU
		{BB90F207-F35F-4DB3-B4A6-D4319B3F3C07}.Release|Any CPU.ActiveCfg = Release|Any CPU
		{BB90F207-F35F-4DB3-B4A6-D4319B3F3C07}.Release|Any CPU.Build.0 = Release|Any CPU
		{07D97498-E023-4EC3-9B5D-5D0DC93A6DF4}.Debug|Any CPU.ActiveCfg = Debug|Any CPU
		{07D97498-E023-4EC3-9B5D-5D0DC93A6DF4}.Debug|Any CPU.Build.0 = Debug|Any CPU
		{07D97498-E023-4EC3-9B5D-5D0DC93A6DF4}.Release|Any CPU.ActiveCfg = Release|Any CPU
		{07D97498-E023-4EC3-9B5D-5D0DC93A6DF4}.Release|Any CPU.Build.0 = Release|Any CPU
	EndGlobalSection
	GlobalSection(SolutionProperties) = preSolution
		HideSolutionNode = FALSE
	EndGlobalSection
	GlobalSection(ExtensibilityGlobals) = postSolution
		SolutionGuid = {814813A6-04AB-4749-A681-6F51E906B561}
	EndGlobalSection
EndGlobal
