
Microsoft Visual Studio Solution File, Format Version 12.00
# Visual Studio Version 17
VisualStudioVersion = 17.3.32929.385
MinimumVisualStudioVersion = 10.0.40219.1
Project("{FAE04EC0-301F-11D3-BF4B-00C04F79EFBC}") = "001.PlainModels", "001.PlainModels\001.PlainModels.csproj", "{463912CB-0308-4220-A11B-FE8A640190AE}"
EndProject
Project("{FAE04EC0-301F-11D3-BF4B-00C04F79EFBC}") = "002.ThickModel", "002.ThickModel\002.ThickModel.csproj", "{A073A646-15B1-48F0-B820-412F05C14E86}"
EndProject
Global
	GlobalSection(SolutionConfigurationPlatforms) = preSolution
		Debug|Any CPU = Debug|Any CPU
		Release|Any CPU = Release|Any CPU
	EndGlobalSection
	GlobalSection(ProjectConfigurationPlatforms) = postSolution
		{463912CB-0308-4220-A11B-FE8A640190AE}.Debug|Any CPU.ActiveCfg = Debug|Any CPU
		{463912CB-0308-4220-A11B-FE8A640190AE}.Debug|Any CPU.Build.0 = Debug|Any CPU
		{463912CB-0308-4220-A11B-FE8A640190AE}.Release|Any CPU.ActiveCfg = Release|Any CPU
		{463912CB-0308-4220-A11B-FE8A640190AE}.Release|Any CPU.Build.0 = Release|Any CPU
		{A073A646-15B1-48F0-B820-412F05C14E86}.Debug|Any CPU.ActiveCfg = Debug|Any CPU
		{A073A646-15B1-48F0-B820-412F05C14E86}.Debug|Any CPU.Build.0 = Debug|Any CPU
		{A073A646-15B1-48F0-B820-412F05C14E86}.Release|Any CPU.ActiveCfg = Release|Any CPU
		{A073A646-15B1-48F0-B820-412F05C14E86}.Release|Any CPU.Build.0 = Release|Any CPU
	EndGlobalSection
	GlobalSection(SolutionProperties) = preSolution
		HideSolutionNode = FALSE
	EndGlobalSection
	GlobalSection(ExtensibilityGlobals) = postSolution
		SolutionGuid = {200FDABE-5F17-4762-A891-7FBDA9DE23F0}
	EndGlobalSection
EndGlobal
