
Microsoft Visual Studio Solution File, Format Version 12.00
# Visual Studio Version 17
VisualStudioVersion = 17.3.32929.385
MinimumVisualStudioVersion = 10.0.40219.1
Project("{9A19103F-16F7-4668-BE54-9A1E7A4F7556}") = "001.Constuctions", "001.Constuctions\001.Constuctions.csproj", "{4CEAF387-96B3-46A9-AFED-4BAF97A30066}"
EndProject
Project("{FAE04EC0-301F-11D3-BF4B-00C04F79EFBC}") = "002.Dependency", "002.Dependency\002.Dependency.csproj", "{C618089E-7E72-4BB3-A610-B90D4AB0FF54}"
EndProject
Global
	GlobalSection(SolutionConfigurationPlatforms) = preSolution
		Debug|Any CPU = Debug|Any CPU
		Release|Any CPU = Release|Any CPU
	EndGlobalSection
	GlobalSection(ProjectConfigurationPlatforms) = postSolution
		{4CEAF387-96B3-46A9-AFED-4BAF97A30066}.Debug|Any CPU.ActiveCfg = Debug|Any CPU
		{4CEAF387-96B3-46A9-AFED-4BAF97A30066}.Debug|Any CPU.Build.0 = Debug|Any CPU
		{4CEAF387-96B3-46A9-AFED-4BAF97A30066}.Release|Any CPU.ActiveCfg = Release|Any CPU
		{4CEAF387-96B3-46A9-AFED-4BAF97A30066}.Release|Any CPU.Build.0 = Release|Any CPU
		{C618089E-7E72-4BB3-A610-B90D4AB0FF54}.Debug|Any CPU.ActiveCfg = Debug|Any CPU
		{C618089E-7E72-4BB3-A610-B90D4AB0FF54}.Debug|Any CPU.Build.0 = Debug|Any CPU
		{C618089E-7E72-4BB3-A610-B90D4AB0FF54}.Release|Any CPU.ActiveCfg = Release|Any CPU
		{C618089E-7E72-4BB3-A610-B90D4AB0FF54}.Release|Any CPU.Build.0 = Release|Any CPU
	EndGlobalSection
	GlobalSection(SolutionProperties) = preSolution
		HideSolutionNode = FALSE
	EndGlobalSection
	GlobalSection(ExtensibilityGlobals) = postSolution
		SolutionGuid = {CA2ABDB6-C847-473A-BD53-789DF24A2FF3}
	EndGlobalSection
EndGlobal
