
Microsoft Visual Studio Solution File, Format Version 12.00
# Visual Studio Version 17
VisualStudioVersion = 17.3.32929.385
MinimumVisualStudioVersion = 10.0.40219.1
Project("{FAE04EC0-301F-11D3-BF4B-00C04F79EFBC}") = "001.Configuration", "001.Configuration\001.Configuration.csproj", "{3B34BA0C-B6A6-4012-93DA-07B8C2D1A687}"
EndProject
Project("{FAE04EC0-301F-11D3-BF4B-00C04F79EFBC}") = "002.Configuration", "002.Configuration\002.Configuration.csproj", "{574A1598-311F-4E2F-9E25-F11BA9E64AEA}"
EndProject
Global
	GlobalSection(SolutionConfigurationPlatforms) = preSolution
		Debug|Any CPU = Debug|Any CPU
		Release|Any CPU = Release|Any CPU
	EndGlobalSection
	GlobalSection(ProjectConfigurationPlatforms) = postSolution
		{3B34BA0C-B6A6-4012-93DA-07B8C2D1A687}.Debug|Any CPU.ActiveCfg = Debug|Any CPU
		{3B34BA0C-B6A6-4012-93DA-07B8C2D1A687}.Debug|Any CPU.Build.0 = Debug|Any CPU
		{3B34BA0C-B6A6-4012-93DA-07B8C2D1A687}.Release|Any CPU.ActiveCfg = Release|Any CPU
		{3B34BA0C-B6A6-4012-93DA-07B8C2D1A687}.Release|Any CPU.Build.0 = Release|Any CPU
		{574A1598-311F-4E2F-9E25-F11BA9E64AEA}.Debug|Any CPU.ActiveCfg = Debug|Any CPU
		{574A1598-311F-4E2F-9E25-F11BA9E64AEA}.Debug|Any CPU.Build.0 = Debug|Any CPU
		{574A1598-311F-4E2F-9E25-F11BA9E64AEA}.Release|Any CPU.ActiveCfg = Release|Any CPU
		{574A1598-311F-4E2F-9E25-F11BA9E64AEA}.Release|Any CPU.Build.0 = Release|Any CPU
	EndGlobalSection
	GlobalSection(SolutionProperties) = preSolution
		HideSolutionNode = FALSE
	EndGlobalSection
	GlobalSection(ExtensibilityGlobals) = postSolution
		SolutionGuid = {1229B857-E75F-4B42-AD05-F6106E79CDF0}
	EndGlobalSection
EndGlobal
