
Microsoft Visual Studio Solution File, Format Version 12.00
# Visual Studio Version 17
VisualStudioVersion = 17.3.32929.385
MinimumVisualStudioVersion = 10.0.40219.1
Project("{FAE04EC0-301F-11D3-BF4B-00C04F79EFBC}") = "001.StaticFiles", "001.StaticFiles\001.StaticFiles.csproj", "{DF6263DF-AE06-43F3-9FE6-7C62918D8739}"
EndProject
Global
	GlobalSection(SolutionConfigurationPlatforms) = preSolution
		Debug|Any CPU = Debug|Any CPU
		Release|Any CPU = Release|Any CPU
	EndGlobalSection
	GlobalSection(ProjectConfigurationPlatforms) = postSolution
		{DF6263DF-AE06-43F3-9FE6-7C62918D8739}.Debug|Any CPU.ActiveCfg = Debug|Any CPU
		{DF6263DF-AE06-43F3-9FE6-7C62918D8739}.Debug|Any CPU.Build.0 = Debug|Any CPU
		{DF6263DF-AE06-43F3-9FE6-7C62918D8739}.Release|Any CPU.ActiveCfg = Release|Any CPU
		{DF6263DF-AE06-43F3-9FE6-7C62918D8739}.Release|Any CPU.Build.0 = Release|Any CPU
	EndGlobalSection
	GlobalSection(SolutionProperties) = preSolution
		HideSolutionNode = FALSE
	EndGlobalSection
	GlobalSection(ExtensibilityGlobals) = postSolution
		SolutionGuid = {E1A27010-F61B-40AC-8B95-7F4FAD24BFFB}
	EndGlobalSection
EndGlobal
